<?xml version="1.0" encoding="utf-8"?>
<Project ToolsVersion="4.0" xmlns="http://schemas.microsoft.com/developer/msbuild/2003">
  <ItemGroup>
    <Filter Include="Source Files">
      <UniqueIdentifier>{4FC737F1-C7A5-4376-A066-2A32D752A2FF}</UniqueIdentifier>
      <Extensions>cpp;c;cc;cxx;def;odl;idl;hpj;bat;asm;asmx</Extensions>
    </Filter>
    <Filter Include="Header Files">
      <UniqueIdentifier>{93995380-89BD-4b04-88EB-625FBE52EBFB}</UniqueIdentifier>
      <Extensions>h;hh;hpp;hxx;hm;inl;inc;ipp;xsd</Extensions>
    </Filter>
    <Filter Include="Images">
      <UniqueIdentifier>{e25febf1-d7ab-4e8f-ac3f-85da565f7619}</UniqueIdentifier>
    </Filter>
  </ItemGroup>
  <ItemGroup>
    <ClCompile Include="main.cpp">
      <Filter>Source Files</Filter>
    </ClCompile>
    <ClCompile Include="Framework\Scene.cpp">
      <Filter>Source Files</Filter>
    </ClCompile>
    <ClCompile Include="Framework\Actor.cpp">
      <Filter>Source Files</Filter>
    </ClCompile>
    <ClCompile Include="Framework\SpriteComponent.cpp">
      <Filter>Source Files</Filter>
    </ClCompile>
    <ClCompile Include="Framework\Engine.cpp">
      <Filter>Source Files</Filter>
    </ClCompile>
    <ClCompile Include="Framework\Collider.cpp">
      <Filter>Source Files</Filter>
    </ClCompile>
    <ClCompile Include="Framework\CircleCollider.cpp">
      <Filter>Source Files</Filter>
    </ClCompile>
    <ClCompile Include="Framework\AABBCollider.cpp">
      <Filter>Source Files</Filter>
    </ClCompile>
    <ClCompile Include="Framework\Transform2D.cpp">
      <Filter>Source Files</Filter>
    </ClCompile>
    <ClCompile Include="Framework\Component.cpp">
      <Filter>Source Files</Filter>
    </ClCompile>
    <ClCompile Include="SampleScene.cpp">
      <Filter>Source Files</Filter>
    </ClCompile>
    <ClCompile Include="Framework\Agent.cpp">
      <Filter>Source Files</Filter>
    </ClCompile>
    <ClCompile Include="Framework\Behavior.cpp">
      <Filter>Source Files</Filter>
    </ClCompile>
    <ClCompile Include="SampleAgent.cpp">
      <Filter>Source Files</Filter>
    </ClCompile>
    <ClCompile Include="Seek.cpp">
      <Filter>Source Files</Filter>
    </ClCompile>
    <ClCompile Include="Flee.cpp">
      <Filter>Source Files</Filter>
    </ClCompile>
    <ClCompile Include="Wander.cpp">
      <Filter>Source Files</Filter>
    </ClCompile>
    <ClCompile Include="Pursue.cpp">
      <Filter>Source Files</Filter>
    </ClCompile>
    <ClCompile Include="CursorChaser.cpp">
      <Filter>Source Files</Filter>
    </ClCompile>
    <ClCompile Include="Evade.cpp">
      <Filter>Source Files</Filter>
    </ClCompile>
    <ClCompile Include="Arrival.cpp">
      <Filter>Source Files</Filter>
    </ClCompile>
    <ClCompile Include="Hunter.cpp">
      <Filter>Source Files</Filter>
    </ClCompile>
    <ClCompile Include="Pathfinding\Pathfinding.cpp">
      <Filter>Source Files</Filter>
    </ClCompile>
    <ClCompile Include="Pathfinding\NodeMap.cpp">
      <Filter>Source Files</Filter>
    </ClCompile>
    <ClCompile Include="Pathfinding\PathAgent.cpp">
      <Filter>Source Files</Filter>
    </ClCompile>
    <ClCompile Include="Pathfinding\PathScene.cpp">
      <Filter>Source Files</Filter>
    </ClCompile>
    <ClCompile Include="Game\TitleScene.cpp">
      <Filter>Source Files</Filter>
    </ClCompile>
    <ClCompile Include="BlackboardData.cpp">
      <Filter>Source Files</Filter>
    </ClCompile>
    <ClCompile Include="Blackboard.cpp">
      <Filter>Source Files</Filter>
    </ClCompile>
  </ItemGroup>
  <ItemGroup>
    <ClInclude Include="Framework\Scene.h">
      <Filter>Header Files</Filter>
    </ClInclude>
    <ClInclude Include="Framework\Actor.h">
      <Filter>Header Files</Filter>
    </ClInclude>
    <ClInclude Include="Framework\SpriteComponent.h">
      <Filter>Header Files</Filter>
    </ClInclude>
    <ClInclude Include="Framework\Engine.h">
      <Filter>Header Files</Filter>
    </ClInclude>
    <ClInclude Include="Framework\Collider.h">
      <Filter>Header Files</Filter>
    </ClInclude>
    <ClInclude Include="Framework\CircleCollider.h">
      <Filter>Header Files</Filter>
    </ClInclude>
    <ClInclude Include="Framework\AABBCollider.h">
      <Filter>Header Files</Filter>
    </ClInclude>
    <ClInclude Include="Framework\Transform2D.h">
      <Filter>Header Files</Filter>
    </ClInclude>
    <ClInclude Include="Framework\Component.h">
      <Filter>Header Files</Filter>
    </ClInclude>
    <ClInclude Include="SampleScene.h">
      <Filter>Header Files</Filter>
    </ClInclude>
    <ClInclude Include="Framework\DynamicArray.h">
      <Filter>Header Files</Filter>
    </ClInclude>
    <ClInclude Include="Framework\Agent.h">
      <Filter>Header Files</Filter>
    </ClInclude>
    <ClInclude Include="Framework\Behavior.h">
      <Filter>Header Files</Filter>
    </ClInclude>
    <ClInclude Include="Framework\Iterator.h">
      <Filter>Header Files</Filter>
    </ClInclude>
    <ClInclude Include="Framework\List.h">
      <Filter>Header Files</Filter>
    </ClInclude>
    <ClInclude Include="Framework\Node.h">
      <Filter>Header Files</Filter>
    </ClInclude>
    <ClInclude Include="SampleAgent.h">
      <Filter>Header Files</Filter>
    </ClInclude>
    <ClInclude Include="Seek.h">
      <Filter>Header Files</Filter>
    </ClInclude>
    <ClInclude Include="Flee.h">
      <Filter>Header Files</Filter>
    </ClInclude>
    <ClInclude Include="Wander.h">
      <Filter>Header Files</Filter>
    </ClInclude>
    <ClInclude Include="Pursue.h">
      <Filter>Header Files</Filter>
    </ClInclude>
    <ClInclude Include="CursorChaser.h">
      <Filter>Header Files</Filter>
    </ClInclude>
    <ClInclude Include="Evade.h">
      <Filter>Header Files</Filter>
    </ClInclude>
    <ClInclude Include="Arrival.h">
      <Filter>Header Files</Filter>
    </ClInclude>
    <ClInclude Include="Hunter.h">
      <Filter>Header Files</Filter>
    </ClInclude>
    <ClInclude Include="Pathfinding\Pathfinding.h">
      <Filter>Header Files</Filter>
    </ClInclude>
    <ClInclude Include="Pathfinding\NodeMap.h">
      <Filter>Header Files</Filter>
    </ClInclude>
    <ClInclude Include="Pathfinding\PathAgent.h">
      <Filter>Header Files</Filter>
    </ClInclude>
    <ClInclude Include="Pathfinding\PathScene.h">
      <Filter>Header Files</Filter>
    </ClInclude>
    <ClInclude Include="Game\TitleScene.h">
      <Filter>Header Files</Filter>
    </ClInclude>
    <ClInclude Include="Blackboard.h">
      <Filter>Header Files</Filter>
    </ClInclude>
    <ClInclude Include="BlackboardData.h">
      <Filter>Header Files</Filter>
    </ClInclude>
    <ClInclude Include="BlackboardQuestion.h">
      <Filter>Header Files</Filter>
    </ClInclude>
    <ClInclude Include="BlackboardAnswer.h">
      <Filter>Header Files</Filter>
    </ClInclude>
    <ClInclude Include="BlackboardItem.h">
      <Filter>Header Files</Filter>
    </ClInclude>
  </ItemGroup>
  <ItemGroup>
    <Image Include="..\Images\bullet.png">
      <Filter>Images</Filter>
    </Image>
    <Image Include="..\Images\enemy.png">
      <Filter>Images</Filter>
    </Image>
    <Image Include="..\Images\player.png">
      <Filter>Images</Filter>
    </Image>
  </ItemGroup>
</Project>